
Microsoft Visual Studio Solution File, Format Version 12.00
# Visual Studio Version 16
VisualStudioVersion = 16.0.30128.74
MinimumVisualStudioVersion = 10.0.40219.1
Project("{FAE04EC0-301F-11D3-BF4B-00C04F79EFBC}") = "ATIVIDADE4", "ATIVIDADE4\ATIVIDADE4.csproj", "{ECE67745-0F40-4977-A99A-06D340FCBE68}"
EndProject
Global
	GlobalSection(SolutionConfigurationPlatforms) = preSolution
		Debug|Any CPU = Debug|Any CPU
		Release|Any CPU = Release|Any CPU
	EndGlobalSection
	GlobalSection(ProjectConfigurationPlatforms) = postSolution
		{ECE67745-0F40-4977-A99A-06D340FCBE68}.Debug|Any CPU.ActiveCfg = Debug|Any CPU
		{ECE67745-0F40-4977-A99A-06D340FCBE68}.Debug|Any CPU.Build.0 = Debug|Any CPU
		{ECE67745-0F40-4977-A99A-06D340FCBE68}.Release|Any CPU.ActiveCfg = Release|Any CPU
		{ECE67745-0F40-4977-A99A-06D340FCBE68}.Release|Any CPU.Build.0 = Release|Any CPU
	EndGlobalSection
	GlobalSection(SolutionProperties) = preSolution
		HideSolutionNode = FALSE
	EndGlobalSection
	GlobalSection(ExtensibilityGlobals) = postSolution
		SolutionGuid = {7A9451D0-C4B6-4141-BF62-6F737C8071A9}
	EndGlobalSection
EndGlobal
