
Microsoft Visual Studio Solution File, Format Version 12.00
# Visual Studio Version 16
VisualStudioVersion = 16.0.30128.74
MinimumVisualStudioVersion = 10.0.40219.1
Project("{FAE04EC0-301F-11D3-BF4B-00C04F79EFBC}") = "exercicio7", "exercicio7\exercicio7.csproj", "{4313257F-3A64-4745-A8EA-8993B12DB38C}"
EndProject
Global
	GlobalSection(SolutionConfigurationPlatforms) = preSolution
		Debug|Any CPU = Debug|Any CPU
		Release|Any CPU = Release|Any CPU
	EndGlobalSection
	GlobalSection(ProjectConfigurationPlatforms) = postSolution
		{4313257F-3A64-4745-A8EA-8993B12DB38C}.Debug|Any CPU.ActiveCfg = Debug|Any CPU
		{4313257F-3A64-4745-A8EA-8993B12DB38C}.Debug|Any CPU.Build.0 = Debug|Any CPU
		{4313257F-3A64-4745-A8EA-8993B12DB38C}.Release|Any CPU.ActiveCfg = Release|Any CPU
		{4313257F-3A64-4745-A8EA-8993B12DB38C}.Release|Any CPU.Build.0 = Release|Any CPU
	EndGlobalSection
	GlobalSection(SolutionProperties) = preSolution
		HideSolutionNode = FALSE
	EndGlobalSection
	GlobalSection(ExtensibilityGlobals) = postSolution
		SolutionGuid = {C064A1C3-8DC7-44F8-88EB-ADC1C25573EF}
	EndGlobalSection
EndGlobal
