
Microsoft Visual Studio Solution File, Format Version 12.00
# Visual Studio Version 16
VisualStudioVersion = 16.0.30128.74
MinimumVisualStudioVersion = 10.0.40219.1
Project("{FAE04EC0-301F-11D3-BF4B-00C04F79EFBC}") = "Atividade2", "Atividade2\Atividade2.csproj", "{8D1B9EDC-9294-4F38-844E-A6F187AC32E3}"
EndProject
Global
	GlobalSection(SolutionConfigurationPlatforms) = preSolution
		Debug|Any CPU = Debug|Any CPU
		Release|Any CPU = Release|Any CPU
	EndGlobalSection
	GlobalSection(ProjectConfigurationPlatforms) = postSolution
		{8D1B9EDC-9294-4F38-844E-A6F187AC32E3}.Debug|Any CPU.ActiveCfg = Debug|Any CPU
		{8D1B9EDC-9294-4F38-844E-A6F187AC32E3}.Debug|Any CPU.Build.0 = Debug|Any CPU
		{8D1B9EDC-9294-4F38-844E-A6F187AC32E3}.Release|Any CPU.ActiveCfg = Release|Any CPU
		{8D1B9EDC-9294-4F38-844E-A6F187AC32E3}.Release|Any CPU.Build.0 = Release|Any CPU
	EndGlobalSection
	GlobalSection(SolutionProperties) = preSolution
		HideSolutionNode = FALSE
	EndGlobalSection
	GlobalSection(ExtensibilityGlobals) = postSolution
		SolutionGuid = {B4B0923F-D5ED-4270-B43F-81C455697BDF}
	EndGlobalSection
EndGlobal
