
Microsoft Visual Studio Solution File, Format Version 12.00
# Visual Studio Version 16
VisualStudioVersion = 16.0.30128.74
MinimumVisualStudioVersion = 10.0.40219.1
Project("{FAE04EC0-301F-11D3-BF4B-00C04F79EFBC}") = "metodosMenus", "metodosMenus\metodosMenus.csproj", "{D75068C2-C0E8-48F8-A823-5152F62ADB48}"
EndProject
Global
	GlobalSection(SolutionConfigurationPlatforms) = preSolution
		Debug|Any CPU = Debug|Any CPU
		Release|Any CPU = Release|Any CPU
	EndGlobalSection
	GlobalSection(ProjectConfigurationPlatforms) = postSolution
		{D75068C2-C0E8-48F8-A823-5152F62ADB48}.Debug|Any CPU.ActiveCfg = Debug|Any CPU
		{D75068C2-C0E8-48F8-A823-5152F62ADB48}.Debug|Any CPU.Build.0 = Debug|Any CPU
		{D75068C2-C0E8-48F8-A823-5152F62ADB48}.Release|Any CPU.ActiveCfg = Release|Any CPU
		{D75068C2-C0E8-48F8-A823-5152F62ADB48}.Release|Any CPU.Build.0 = Release|Any CPU
	EndGlobalSection
	GlobalSection(SolutionProperties) = preSolution
		HideSolutionNode = FALSE
	EndGlobalSection
	GlobalSection(ExtensibilityGlobals) = postSolution
		SolutionGuid = {C9D63016-D9DA-4608-AF21-0930F8A3017B}
	EndGlobalSection
EndGlobal
