
Microsoft Visual Studio Solution File, Format Version 12.00
# Visual Studio Version 16
VisualStudioVersion = 16.0.30621.155
MinimumVisualStudioVersion = 10.0.40219.1
Project("{FAE04EC0-301F-11D3-BF4B-00C04F79EFBC}") = "Atividade8", "Atividade8.csproj", "{9D40386D-3556-4E96-9372-CF46DF38B637}"
EndProject
Global
	GlobalSection(SolutionConfigurationPlatforms) = preSolution
		Debug|Any CPU = Debug|Any CPU
		Release|Any CPU = Release|Any CPU
	EndGlobalSection
	GlobalSection(ProjectConfigurationPlatforms) = postSolution
		{9D40386D-3556-4E96-9372-CF46DF38B637}.Debug|Any CPU.ActiveCfg = Debug|Any CPU
		{9D40386D-3556-4E96-9372-CF46DF38B637}.Debug|Any CPU.Build.0 = Debug|Any CPU
		{9D40386D-3556-4E96-9372-CF46DF38B637}.Release|Any CPU.ActiveCfg = Release|Any CPU
		{9D40386D-3556-4E96-9372-CF46DF38B637}.Release|Any CPU.Build.0 = Release|Any CPU
	EndGlobalSection
	GlobalSection(SolutionProperties) = preSolution
		HideSolutionNode = FALSE
	EndGlobalSection
	GlobalSection(ExtensibilityGlobals) = postSolution
		SolutionGuid = {752ADAD3-B591-4B67-A419-D8F00A9ED603}
	EndGlobalSection
EndGlobal
